
Microsoft Visual Studio Solution File, Format Version 12.00
# Visual Studio Version 17
VisualStudioVersion = 17.0.31903.59
MinimumVisualStudioVersion = 10.0.40219.1
Project("{FAE04EC0-301F-11D3-BF4B-00C04F79EFBC}") = "blog-api", "blog-api\blog-api.csproj", "{B42B51F2-E1A2-4756-93DC-41231E2F703F}"
EndProject
Project("{FAE04EC0-301F-11D3-BF4B-00C04F79EFBC}") = "blog-api.UnitTests", "blog-api.UnitTests\blog-api.UnitTests.csproj", "{8F6609F0-FF7A-48A0-9C96-02E8E232182F}"
EndProject
Global
	GlobalSection(SolutionConfigurationPlatforms) = preSolution
		Debug|Any CPU = Debug|Any CPU
		Release|Any CPU = Release|Any CPU
	EndGlobalSection
	GlobalSection(SolutionProperties) = preSolution
		HideSolutionNode = FALSE
	EndGlobalSection
	GlobalSection(ProjectConfigurationPlatforms) = postSolution
		{B42B51F2-E1A2-4756-93DC-41231E2F703F}.Debug|Any CPU.ActiveCfg = Debug|Any CPU
		{B42B51F2-E1A2-4756-93DC-41231E2F703F}.Debug|Any CPU.Build.0 = Debug|Any CPU
		{B42B51F2-E1A2-4756-93DC-41231E2F703F}.Release|Any CPU.ActiveCfg = Release|Any CPU
		{B42B51F2-E1A2-4756-93DC-41231E2F703F}.Release|Any CPU.Build.0 = Release|Any CPU
		{8F6609F0-FF7A-48A0-9C96-02E8E232182F}.Debug|Any CPU.ActiveCfg = Debug|Any CPU
		{8F6609F0-FF7A-48A0-9C96-02E8E232182F}.Debug|Any CPU.Build.0 = Debug|Any CPU
		{8F6609F0-FF7A-48A0-9C96-02E8E232182F}.Release|Any CPU.ActiveCfg = Release|Any CPU
		{8F6609F0-FF7A-48A0-9C96-02E8E232182F}.Release|Any CPU.Build.0 = Release|Any CPU
	EndGlobalSection
EndGlobal
